# @generated by Move, please check-in and do not edit manually.

[move]
version = 2
manifest_digest = "8B32CEA78BC76D81867585FE4C292719DC5A87EEAFDA80AB61E441183A272E5A"
deps_digest = "F8BBB0CCB2491CA29A3DF03D6F92277A4F3574266507ACD77214D37ECA3F3082"
dependencies = [
  { name = "Sui" },
]

[[move.package]]
name = "MoveStdlib"
source = { local = "/home/andreas/Documents/socituri/Socituri_Decentralot/move/sui/crates/sui-framework/packages/move-stdlib" }

[[move.package]]
name = "Sui"
source = { local = "/home/andreas/Documents/socituri/Socituri_Decentralot/move/sui/crates/sui-framework/packages/sui-framework" }

dependencies = [
  { name = "MoveStdlib" },
]

[move.toolchain-version]
compiler-version = "1.25.0"
edition = "legacy"
flavor = "sui"
