# @generated by Move, please check-in and do not edit manually.

[move]
version = 2
manifest_digest = "0DABA12DE5512B64EC889343FB6701525606EC26E37F932121F034442C5981FA"
deps_digest = "F8BBB0CCB2491CA29A3DF03D6F92277A4F3574266507ACD77214D37ECA3F3082"
dependencies = [
  { name = "Sui" },
]

[[move.package]]
name = "MoveStdlib"
source = { local = "/home/andreas/Documents/socituri/Socituri_Decentralot/move/sui/crates/sui-framework/packages/move-stdlib" }

[[move.package]]
name = "Sui"
source = { local = "/home/andreas/Documents/socituri/Socituri_Decentralot/move/sui/crates/sui-framework/packages/sui-framework" }

dependencies = [
  { name = "MoveStdlib" },
]

[move.toolchain-version]
compiler-version = "1.27.0"
edition = "legacy"
flavor = "sui"

[env]

[env.testnet]
chain-id = "4c78adac"
original-published-id = "0x510e9470a46232acf2fec2b3feb68c88fe7470116aa1280664577304f7a4da85"
latest-published-id = "0x510e9470a46232acf2fec2b3feb68c88fe7470116aa1280664577304f7a4da85"
published-version = "1"
